
Microsoft Visual Studio Solution File, Format Version 12.00
# Visual Studio Version 16
VisualStudioVersion = 16.0.31019.35
MinimumVisualStudioVersion = 10.0.40219.1
Project("{FAE04EC0-301F-11D3-BF4B-00C04F79EFBC}") = "KalkulatorIP v2", "KalkulatorIP v2.csproj", "{AE4183F4-3D23-4169-94EF-E6369A05C171}"
EndProject
Global
	GlobalSection(SolutionConfigurationPlatforms) = preSolution
		Debug|Any CPU = Debug|Any CPU
		Release|Any CPU = Release|Any CPU
	EndGlobalSection
	GlobalSection(ProjectConfigurationPlatforms) = postSolution
		{AE4183F4-3D23-4169-94EF-E6369A05C171}.Debug|Any CPU.ActiveCfg = Debug|Any CPU
		{AE4183F4-3D23-4169-94EF-E6369A05C171}.Debug|Any CPU.Build.0 = Debug|Any CPU
		{AE4183F4-3D23-4169-94EF-E6369A05C171}.Release|Any CPU.ActiveCfg = Release|Any CPU
		{AE4183F4-3D23-4169-94EF-E6369A05C171}.Release|Any CPU.Build.0 = Release|Any CPU
	EndGlobalSection
	GlobalSection(SolutionProperties) = preSolution
		HideSolutionNode = FALSE
	EndGlobalSection
	GlobalSection(ExtensibilityGlobals) = postSolution
		SolutionGuid = {331DB11B-B444-41C3-A383-341C9DA71E08}
	EndGlobalSection
EndGlobal
